
Microsoft Visual Studio Solution File, Format Version 12.00
# Visual Studio Version 17
VisualStudioVersion = 17.2.32616.157
MinimumVisualStudioVersion = 10.0.40219.1
Project("{FAE04EC0-301F-11D3-BF4B-00C04F79EFBC}") = "Formas", "Formas\Formas.csproj", "{7B4C9073-0005-4AD6-9ED0-5B50169B4B85}"
EndProject
Project("{2150E333-8FDC-42A3-9474-1A3956D46DE8}") = "calculo", "calculo", "{3502320C-EAF1-47C4-B606-0AC7F1EC4A75}"
EndProject
Global
	GlobalSection(SolutionConfigurationPlatforms) = preSolution
		Debug|Any CPU = Debug|Any CPU
		Release|Any CPU = Release|Any CPU
	EndGlobalSection
	GlobalSection(ProjectConfigurationPlatforms) = postSolution
		{7B4C9073-0005-4AD6-9ED0-5B50169B4B85}.Debug|Any CPU.ActiveCfg = Debug|Any CPU
		{7B4C9073-0005-4AD6-9ED0-5B50169B4B85}.Debug|Any CPU.Build.0 = Debug|Any CPU
		{7B4C9073-0005-4AD6-9ED0-5B50169B4B85}.Release|Any CPU.ActiveCfg = Release|Any CPU
		{7B4C9073-0005-4AD6-9ED0-5B50169B4B85}.Release|Any CPU.Build.0 = Release|Any CPU
	EndGlobalSection
	GlobalSection(SolutionProperties) = preSolution
		HideSolutionNode = FALSE
	EndGlobalSection
	GlobalSection(NestedProjects) = preSolution
		{7B4C9073-0005-4AD6-9ED0-5B50169B4B85} = {3502320C-EAF1-47C4-B606-0AC7F1EC4A75}
	EndGlobalSection
	GlobalSection(ExtensibilityGlobals) = postSolution
		SolutionGuid = {5CC82AF2-53F5-4486-88CB-8EF4ACD6BCBB}
	EndGlobalSection
EndGlobal
